
Microsoft Visual Studio Solution File, Format Version 12.00
# Visual Studio Version 17
VisualStudioVersion = 17.4.33205.214
MinimumVisualStudioVersion = 10.0.40219.1
Project("{9A19103F-16F7-4668-BE54-9A1E7A4F7556}") = "DataBaseEf", "DataBaseEF\DataBaseEf.csproj", "{609C12DD-2C7A-43F3-A9F5-FEFA6031CD62}"
EndProject
Project("{9A19103F-16F7-4668-BE54-9A1E7A4F7556}") = "Repository", "Repository\Repository.csproj", "{4A3F278A-4E32-44F6-B6AE-694572B12B24}"
EndProject
Project("{9A19103F-16F7-4668-BE54-9A1E7A4F7556}") = "AbstractDependencies", "AbstractDependencies\AbstractDependencies.csproj", "{7B4DD1F5-EF6A-4648-9FF6-F6ADFBFDEC5E}"
EndProject
Project("{9A19103F-16F7-4668-BE54-9A1E7A4F7556}") = "Servises", "Servises\Servises.csproj", "{76CDEFCF-0DDB-43CE-AB42-B2C14D577165}"
EndProject
Project("{2150E333-8FDC-42A3-9474-1A3956D46DE8}") = "Supporting", "Supporting", "{DA83832C-7D9C-47C0-B2E9-A1AADF5ACD89}"
EndProject
Project("{2150E333-8FDC-42A3-9474-1A3956D46DE8}") = "Import", "Import", "{F8AED4C4-0C9A-4079-8248-2E28A8253C50}"
EndProject
Project("{9A19103F-16F7-4668-BE54-9A1E7A4F7556}") = "RepositoryEf", "RepositoryEf\RepositoryEf.csproj", "{B325F0E0-E367-4347-AD97-335A4A5B7C0A}"
EndProject
Project("{9A19103F-16F7-4668-BE54-9A1E7A4F7556}") = "DiConfig", "DiConfig\DiConfig.csproj", "{B49ACFCD-5086-497D-BDD0-3D23ED83C927}"
EndProject
Project("{9A19103F-16F7-4668-BE54-9A1E7A4F7556}") = "WebService", "WebService\WebService.csproj", "{0CFD2C81-3749-4AEB-B93D-C19C2A6847E3}"
EndProject
Project("{FAE04EC0-301F-11D3-BF4B-00C04F79EFBC}") = "ServiseLogger", "Logger\ServiseLogger.csproj", "{C8C842E7-17B1-45EA-BD84-F2099A956DF2}"
EndProject
Global
	GlobalSection(SolutionConfigurationPlatforms) = preSolution
		Debug|Any CPU = Debug|Any CPU
		Debug|x64 = Debug|x64
		Release|Any CPU = Release|Any CPU
		Release|x64 = Release|x64
	EndGlobalSection
	GlobalSection(ProjectConfigurationPlatforms) = postSolution
		{609C12DD-2C7A-43F3-A9F5-FEFA6031CD62}.Debug|Any CPU.ActiveCfg = Debug|Any CPU
		{609C12DD-2C7A-43F3-A9F5-FEFA6031CD62}.Debug|Any CPU.Build.0 = Debug|Any CPU
		{609C12DD-2C7A-43F3-A9F5-FEFA6031CD62}.Debug|x64.ActiveCfg = Debug|x64
		{609C12DD-2C7A-43F3-A9F5-FEFA6031CD62}.Debug|x64.Build.0 = Debug|x64
		{609C12DD-2C7A-43F3-A9F5-FEFA6031CD62}.Release|Any CPU.ActiveCfg = Release|Any CPU
		{609C12DD-2C7A-43F3-A9F5-FEFA6031CD62}.Release|Any CPU.Build.0 = Release|Any CPU
		{609C12DD-2C7A-43F3-A9F5-FEFA6031CD62}.Release|x64.ActiveCfg = Release|x64
		{609C12DD-2C7A-43F3-A9F5-FEFA6031CD62}.Release|x64.Build.0 = Release|x64
		{4A3F278A-4E32-44F6-B6AE-694572B12B24}.Debug|Any CPU.ActiveCfg = Debug|Any CPU
		{4A3F278A-4E32-44F6-B6AE-694572B12B24}.Debug|Any CPU.Build.0 = Debug|Any CPU
		{4A3F278A-4E32-44F6-B6AE-694572B12B24}.Debug|x64.ActiveCfg = Debug|x64
		{4A3F278A-4E32-44F6-B6AE-694572B12B24}.Debug|x64.Build.0 = Debug|x64
		{4A3F278A-4E32-44F6-B6AE-694572B12B24}.Release|Any CPU.ActiveCfg = Release|Any CPU
		{4A3F278A-4E32-44F6-B6AE-694572B12B24}.Release|Any CPU.Build.0 = Release|Any CPU
		{4A3F278A-4E32-44F6-B6AE-694572B12B24}.Release|x64.ActiveCfg = Release|x64
		{4A3F278A-4E32-44F6-B6AE-694572B12B24}.Release|x64.Build.0 = Release|x64
		{7B4DD1F5-EF6A-4648-9FF6-F6ADFBFDEC5E}.Debug|Any CPU.ActiveCfg = Debug|Any CPU
		{7B4DD1F5-EF6A-4648-9FF6-F6ADFBFDEC5E}.Debug|Any CPU.Build.0 = Debug|Any CPU
		{7B4DD1F5-EF6A-4648-9FF6-F6ADFBFDEC5E}.Debug|x64.ActiveCfg = Debug|x64
		{7B4DD1F5-EF6A-4648-9FF6-F6ADFBFDEC5E}.Debug|x64.Build.0 = Debug|x64
		{7B4DD1F5-EF6A-4648-9FF6-F6ADFBFDEC5E}.Release|Any CPU.ActiveCfg = Release|Any CPU
		{7B4DD1F5-EF6A-4648-9FF6-F6ADFBFDEC5E}.Release|Any CPU.Build.0 = Release|Any CPU
		{7B4DD1F5-EF6A-4648-9FF6-F6ADFBFDEC5E}.Release|x64.ActiveCfg = Release|x64
		{7B4DD1F5-EF6A-4648-9FF6-F6ADFBFDEC5E}.Release|x64.Build.0 = Release|x64
		{76CDEFCF-0DDB-43CE-AB42-B2C14D577165}.Debug|Any CPU.ActiveCfg = Debug|Any CPU
		{76CDEFCF-0DDB-43CE-AB42-B2C14D577165}.Debug|Any CPU.Build.0 = Debug|Any CPU
		{76CDEFCF-0DDB-43CE-AB42-B2C14D577165}.Debug|x64.ActiveCfg = Debug|x64
		{76CDEFCF-0DDB-43CE-AB42-B2C14D577165}.Debug|x64.Build.0 = Debug|x64
		{76CDEFCF-0DDB-43CE-AB42-B2C14D577165}.Release|Any CPU.ActiveCfg = Release|Any CPU
		{76CDEFCF-0DDB-43CE-AB42-B2C14D577165}.Release|Any CPU.Build.0 = Release|Any CPU
		{76CDEFCF-0DDB-43CE-AB42-B2C14D577165}.Release|x64.ActiveCfg = Release|x64
		{76CDEFCF-0DDB-43CE-AB42-B2C14D577165}.Release|x64.Build.0 = Release|x64
		{B325F0E0-E367-4347-AD97-335A4A5B7C0A}.Debug|Any CPU.ActiveCfg = Debug|Any CPU
		{B325F0E0-E367-4347-AD97-335A4A5B7C0A}.Debug|Any CPU.Build.0 = Debug|Any CPU
		{B325F0E0-E367-4347-AD97-335A4A5B7C0A}.Debug|x64.ActiveCfg = Debug|x64
		{B325F0E0-E367-4347-AD97-335A4A5B7C0A}.Debug|x64.Build.0 = Debug|x64
		{B325F0E0-E367-4347-AD97-335A4A5B7C0A}.Release|Any CPU.ActiveCfg = Release|Any CPU
		{B325F0E0-E367-4347-AD97-335A4A5B7C0A}.Release|Any CPU.Build.0 = Release|Any CPU
		{B325F0E0-E367-4347-AD97-335A4A5B7C0A}.Release|x64.ActiveCfg = Release|Any CPU
		{B325F0E0-E367-4347-AD97-335A4A5B7C0A}.Release|x64.Build.0 = Release|Any CPU
		{B49ACFCD-5086-497D-BDD0-3D23ED83C927}.Debug|Any CPU.ActiveCfg = Debug|Any CPU
		{B49ACFCD-5086-497D-BDD0-3D23ED83C927}.Debug|Any CPU.Build.0 = Debug|Any CPU
		{B49ACFCD-5086-497D-BDD0-3D23ED83C927}.Debug|x64.ActiveCfg = Debug|x64
		{B49ACFCD-5086-497D-BDD0-3D23ED83C927}.Debug|x64.Build.0 = Debug|x64
		{B49ACFCD-5086-497D-BDD0-3D23ED83C927}.Release|Any CPU.ActiveCfg = Release|Any CPU
		{B49ACFCD-5086-497D-BDD0-3D23ED83C927}.Release|Any CPU.Build.0 = Release|Any CPU
		{B49ACFCD-5086-497D-BDD0-3D23ED83C927}.Release|x64.ActiveCfg = Release|Any CPU
		{B49ACFCD-5086-497D-BDD0-3D23ED83C927}.Release|x64.Build.0 = Release|Any CPU
		{0CFD2C81-3749-4AEB-B93D-C19C2A6847E3}.Debug|Any CPU.ActiveCfg = Debug|Any CPU
		{0CFD2C81-3749-4AEB-B93D-C19C2A6847E3}.Debug|Any CPU.Build.0 = Debug|Any CPU
		{0CFD2C81-3749-4AEB-B93D-C19C2A6847E3}.Debug|x64.ActiveCfg = Debug|x64
		{0CFD2C81-3749-4AEB-B93D-C19C2A6847E3}.Debug|x64.Build.0 = Debug|x64
		{0CFD2C81-3749-4AEB-B93D-C19C2A6847E3}.Release|Any CPU.ActiveCfg = Release|Any CPU
		{0CFD2C81-3749-4AEB-B93D-C19C2A6847E3}.Release|Any CPU.Build.0 = Release|Any CPU
		{0CFD2C81-3749-4AEB-B93D-C19C2A6847E3}.Release|x64.ActiveCfg = Release|x64
		{0CFD2C81-3749-4AEB-B93D-C19C2A6847E3}.Release|x64.Build.0 = Release|x64
		{C8C842E7-17B1-45EA-BD84-F2099A956DF2}.Debug|Any CPU.ActiveCfg = Debug|Any CPU
		{C8C842E7-17B1-45EA-BD84-F2099A956DF2}.Debug|Any CPU.Build.0 = Debug|Any CPU
		{C8C842E7-17B1-45EA-BD84-F2099A956DF2}.Debug|x64.ActiveCfg = Debug|Any CPU
		{C8C842E7-17B1-45EA-BD84-F2099A956DF2}.Debug|x64.Build.0 = Debug|Any CPU
		{C8C842E7-17B1-45EA-BD84-F2099A956DF2}.Release|Any CPU.ActiveCfg = Release|Any CPU
		{C8C842E7-17B1-45EA-BD84-F2099A956DF2}.Release|Any CPU.Build.0 = Release|Any CPU
		{C8C842E7-17B1-45EA-BD84-F2099A956DF2}.Release|x64.ActiveCfg = Release|Any CPU
		{C8C842E7-17B1-45EA-BD84-F2099A956DF2}.Release|x64.Build.0 = Release|Any CPU
	EndGlobalSection
	GlobalSection(SolutionProperties) = preSolution
		HideSolutionNode = FALSE
	EndGlobalSection
	GlobalSection(NestedProjects) = preSolution
		{609C12DD-2C7A-43F3-A9F5-FEFA6031CD62} = {DA83832C-7D9C-47C0-B2E9-A1AADF5ACD89}
		{4A3F278A-4E32-44F6-B6AE-694572B12B24} = {DA83832C-7D9C-47C0-B2E9-A1AADF5ACD89}
		{7B4DD1F5-EF6A-4648-9FF6-F6ADFBFDEC5E} = {F8AED4C4-0C9A-4079-8248-2E28A8253C50}
		{76CDEFCF-0DDB-43CE-AB42-B2C14D577165} = {DA83832C-7D9C-47C0-B2E9-A1AADF5ACD89}
		{B325F0E0-E367-4347-AD97-335A4A5B7C0A} = {F8AED4C4-0C9A-4079-8248-2E28A8253C50}
		{B49ACFCD-5086-497D-BDD0-3D23ED83C927} = {F8AED4C4-0C9A-4079-8248-2E28A8253C50}
		{C8C842E7-17B1-45EA-BD84-F2099A956DF2} = {F8AED4C4-0C9A-4079-8248-2E28A8253C50}
	EndGlobalSection
	GlobalSection(ExtensibilityGlobals) = postSolution
		SolutionGuid = {0A2FB711-1B8F-4EC6-9FAC-A487984EC93C}
	EndGlobalSection
EndGlobal
